
Microsoft Visual Studio Solution File, Format Version 12.00
# Visual Studio 14
VisualStudioVersion = 14.0.25420.1
MinimumVisualStudioVersion = 10.0.40219.1
Project("{FAE04EC0-301F-11D3-BF4B-00C04F79EFBC}") = "EasyActor", "EasyActor\EasyActor.csproj", "{487FAEA3-4503-4E5B-B10B-48B689DBF174}"
EndProject
Project("{FAE04EC0-301F-11D3-BF4B-00C04F79EFBC}") = "EasyActor.Test", "EasyActor.Test\EasyActor.Test.csproj", "{D3A0E7F2-381E-4B87-8BA6-3BFB979C5992}"
EndProject
Project("{FAE04EC0-301F-11D3-BF4B-00C04F79EFBC}") = "PingPongConsole", "EasyActor.Examples\PingPongConsole\PingPongConsole.csproj", "{15863971-F408-454C-A2B3-B1FBFB1B1BBF}"
EndProject
Project("{FAE04EC0-301F-11D3-BF4B-00C04F79EFBC}") = "EasyActor.Examples", "EasyActor.Examples\Examples\EasyActor.Examples.csproj", "{7CAC3D8A-E284-4EBD-8386-F1BC17E3C9F0}"
EndProject
Project("{2150E333-8FDC-42A3-9474-1A3956D46DE8}") = "Examples", "Examples", "{154E9656-B9CB-4412-81B3-0F7147E33C7E}"
EndProject
Project("{FAE04EC0-301F-11D3-BF4B-00C04F79EFBC}") = "EasyActor.Flow", "EasyActor.Flow\EasyActor.Flow.csproj", "{0EA7F2B2-6B70-41AE-9769-096E8A67CC8D}"
EndProject
Project("{FAE04EC0-301F-11D3-BF4B-00C04F79EFBC}") = "EasyActor.Flow.Sample", "EasyActor.Flow.Sample\EasyActor.Flow.Sample.csproj", "{006A5983-D4DF-4709-B4CE-3E0A594ED361}"
EndProject
Project("{FAE04EC0-301F-11D3-BF4B-00C04F79EFBC}") = "EasyActor.FlowTest", "EasyActor.FlowTest\EasyActor.FlowTest.csproj", "{067456C0-086C-46A8-B37F-1405717B7BFC}"
EndProject
Project("{FAE04EC0-301F-11D3-BF4B-00C04F79EFBC}") = "EasyActor.Channel", "EasyActor.Channel\EasyActor.Channel.csproj", "{E3A81FDE-22BC-4144-8E9B-C9EB961C3BD1}"
EndProject
Project("{FAE04EC0-301F-11D3-BF4B-00C04F79EFBC}") = "EasyActor.Channel.Test", "EasyActor.Channel.Test\EasyActor.Channel.Test.csproj", "{A84BDCA3-EED5-488E-B05B-26FE62CACA19}"
EndProject
Project("{FAE04EC0-301F-11D3-BF4B-00C04F79EFBC}") = "Concurrent.WPF", "EasyActor.WPF\Concurrent.WPF.csproj", "{3B8867F9-8970-45B7-AB6D-0806B7C6B3D0}"
EndProject
Project("{FAE04EC0-301F-11D3-BF4B-00C04F79EFBC}") = "Concurrent", "Concurrent\Concurrent.csproj", "{4F2F8E53-87BA-42CE-B230-9AA6F4A56413}"
EndProject
Global
	GlobalSection(SolutionConfigurationPlatforms) = preSolution
		Debug|Any CPU = Debug|Any CPU
		Release|Any CPU = Release|Any CPU
	EndGlobalSection
	GlobalSection(ProjectConfigurationPlatforms) = postSolution
		{487FAEA3-4503-4E5B-B10B-48B689DBF174}.Debug|Any CPU.ActiveCfg = Debug|Any CPU
		{487FAEA3-4503-4E5B-B10B-48B689DBF174}.Debug|Any CPU.Build.0 = Debug|Any CPU
		{487FAEA3-4503-4E5B-B10B-48B689DBF174}.Debug|Any CPU.Deploy.0 = Debug|Any CPU
		{487FAEA3-4503-4E5B-B10B-48B689DBF174}.Release|Any CPU.ActiveCfg = Release|Any CPU
		{487FAEA3-4503-4E5B-B10B-48B689DBF174}.Release|Any CPU.Build.0 = Release|Any CPU
		{487FAEA3-4503-4E5B-B10B-48B689DBF174}.Release|Any CPU.Deploy.0 = Release|Any CPU
		{D3A0E7F2-381E-4B87-8BA6-3BFB979C5992}.Debug|Any CPU.ActiveCfg = Debug|Any CPU
		{D3A0E7F2-381E-4B87-8BA6-3BFB979C5992}.Debug|Any CPU.Build.0 = Debug|Any CPU
		{D3A0E7F2-381E-4B87-8BA6-3BFB979C5992}.Release|Any CPU.ActiveCfg = Release|Any CPU
		{D3A0E7F2-381E-4B87-8BA6-3BFB979C5992}.Release|Any CPU.Build.0 = Release|Any CPU
		{15863971-F408-454C-A2B3-B1FBFB1B1BBF}.Debug|Any CPU.ActiveCfg = Debug|Any CPU
		{15863971-F408-454C-A2B3-B1FBFB1B1BBF}.Debug|Any CPU.Build.0 = Debug|Any CPU
		{15863971-F408-454C-A2B3-B1FBFB1B1BBF}.Release|Any CPU.ActiveCfg = Release|Any CPU
		{15863971-F408-454C-A2B3-B1FBFB1B1BBF}.Release|Any CPU.Build.0 = Release|Any CPU
		{7CAC3D8A-E284-4EBD-8386-F1BC17E3C9F0}.Debug|Any CPU.ActiveCfg = Debug|Any CPU
		{7CAC3D8A-E284-4EBD-8386-F1BC17E3C9F0}.Debug|Any CPU.Build.0 = Debug|Any CPU
		{7CAC3D8A-E284-4EBD-8386-F1BC17E3C9F0}.Debug|Any CPU.Deploy.0 = Debug|Any CPU
		{7CAC3D8A-E284-4EBD-8386-F1BC17E3C9F0}.Release|Any CPU.ActiveCfg = Release|Any CPU
		{7CAC3D8A-E284-4EBD-8386-F1BC17E3C9F0}.Release|Any CPU.Build.0 = Release|Any CPU
		{7CAC3D8A-E284-4EBD-8386-F1BC17E3C9F0}.Release|Any CPU.Deploy.0 = Release|Any CPU
		{0EA7F2B2-6B70-41AE-9769-096E8A67CC8D}.Debug|Any CPU.ActiveCfg = Debug|Any CPU
		{0EA7F2B2-6B70-41AE-9769-096E8A67CC8D}.Debug|Any CPU.Build.0 = Debug|Any CPU
		{0EA7F2B2-6B70-41AE-9769-096E8A67CC8D}.Release|Any CPU.ActiveCfg = Release|Any CPU
		{0EA7F2B2-6B70-41AE-9769-096E8A67CC8D}.Release|Any CPU.Build.0 = Release|Any CPU
		{006A5983-D4DF-4709-B4CE-3E0A594ED361}.Debug|Any CPU.ActiveCfg = Debug|Any CPU
		{006A5983-D4DF-4709-B4CE-3E0A594ED361}.Debug|Any CPU.Build.0 = Debug|Any CPU
		{006A5983-D4DF-4709-B4CE-3E0A594ED361}.Release|Any CPU.ActiveCfg = Release|Any CPU
		{006A5983-D4DF-4709-B4CE-3E0A594ED361}.Release|Any CPU.Build.0 = Release|Any CPU
		{067456C0-086C-46A8-B37F-1405717B7BFC}.Debug|Any CPU.ActiveCfg = Debug|Any CPU
		{067456C0-086C-46A8-B37F-1405717B7BFC}.Debug|Any CPU.Build.0 = Debug|Any CPU
		{067456C0-086C-46A8-B37F-1405717B7BFC}.Release|Any CPU.ActiveCfg = Release|Any CPU
		{067456C0-086C-46A8-B37F-1405717B7BFC}.Release|Any CPU.Build.0 = Release|Any CPU
		{E3A81FDE-22BC-4144-8E9B-C9EB961C3BD1}.Debug|Any CPU.ActiveCfg = Debug|Any CPU
		{E3A81FDE-22BC-4144-8E9B-C9EB961C3BD1}.Debug|Any CPU.Build.0 = Debug|Any CPU
		{E3A81FDE-22BC-4144-8E9B-C9EB961C3BD1}.Release|Any CPU.ActiveCfg = Release|Any CPU
		{E3A81FDE-22BC-4144-8E9B-C9EB961C3BD1}.Release|Any CPU.Build.0 = Release|Any CPU
		{A84BDCA3-EED5-488E-B05B-26FE62CACA19}.Debug|Any CPU.ActiveCfg = Debug|Any CPU
		{A84BDCA3-EED5-488E-B05B-26FE62CACA19}.Debug|Any CPU.Build.0 = Debug|Any CPU
		{A84BDCA3-EED5-488E-B05B-26FE62CACA19}.Release|Any CPU.ActiveCfg = Release|Any CPU
		{A84BDCA3-EED5-488E-B05B-26FE62CACA19}.Release|Any CPU.Build.0 = Release|Any CPU
		{3B8867F9-8970-45B7-AB6D-0806B7C6B3D0}.Debug|Any CPU.ActiveCfg = Debug|Any CPU
		{3B8867F9-8970-45B7-AB6D-0806B7C6B3D0}.Debug|Any CPU.Build.0 = Debug|Any CPU
		{3B8867F9-8970-45B7-AB6D-0806B7C6B3D0}.Release|Any CPU.ActiveCfg = Release|Any CPU
		{3B8867F9-8970-45B7-AB6D-0806B7C6B3D0}.Release|Any CPU.Build.0 = Release|Any CPU
		{4F2F8E53-87BA-42CE-B230-9AA6F4A56413}.Debug|Any CPU.ActiveCfg = Debug|Any CPU
		{4F2F8E53-87BA-42CE-B230-9AA6F4A56413}.Debug|Any CPU.Build.0 = Debug|Any CPU
		{4F2F8E53-87BA-42CE-B230-9AA6F4A56413}.Release|Any CPU.ActiveCfg = Release|Any CPU
		{4F2F8E53-87BA-42CE-B230-9AA6F4A56413}.Release|Any CPU.Build.0 = Release|Any CPU
	EndGlobalSection
	GlobalSection(SolutionProperties) = preSolution
		HideSolutionNode = FALSE
	EndGlobalSection
	GlobalSection(NestedProjects) = preSolution
		{15863971-F408-454C-A2B3-B1FBFB1B1BBF} = {154E9656-B9CB-4412-81B3-0F7147E33C7E}
		{7CAC3D8A-E284-4EBD-8386-F1BC17E3C9F0} = {154E9656-B9CB-4412-81B3-0F7147E33C7E}
		{006A5983-D4DF-4709-B4CE-3E0A594ED361} = {154E9656-B9CB-4412-81B3-0F7147E33C7E}
	EndGlobalSection
EndGlobal
